// !$*UTF8*$!
{
	archiveVersion = 1;
	classes = {
	};
	objectVersion = 60;
	objects = {

/* Begin PBXBuildFile section */
		B110BFE82BA206B6005F5680 /* AppDelegate.swift in Sources */ = {isa = PBXBuildFile; fileRef = B110BFE72BA206B6005F5680 /* AppDelegate.swift */; };
		B110BFEA2BA206B6005F5680 /* SceneDelegate.swift in Sources */ = {isa = PBXBuildFile; fileRef = B110BFE92BA206B6005F5680 /* SceneDelegate.swift */; };
		B110BFEC2BA206B6005F5680 /* ViewController.swift in Sources */ = {isa = PBXBuildFile; fileRef = B110BFEB2BA206B6005F5680 /* ViewController.swift */; };
		B110BFEF2BA206B6005F5680 /* Main.storyboard in Resources */ = {isa = PBXBuildFile; fileRef = B110BFED2BA206B6005F5680 /* Main.storyboard */; };
		B110BFF12BA206B7005F5680 /* Assets.xcassets in Resources */ = {isa = PBXBuildFile; fileRef = B110BFF02BA206B7005F5680 /* Assets.xcassets */; };
		B110BFF42BA206B7005F5680 /* LaunchScreen.storyboard in Resources */ = {isa = PBXBuildFile; fileRef = B110BFF22BA206B7005F5680 /* LaunchScreen.storyboard */; };
		B110BFFD2BA20CAE005F5680 /* Polygon in Frameworks */ = {isa = PBXBuildFile; productRef = B110BFFC2BA20CAE005F5680 /* Polygon */; };
		B1A613452BA3855C00D20E06 /* DataForDemo.swift in Sources */ = {isa = PBXBuildFile; fileRef = B1A613442BA3855C00D20E06 /* DataForDemo.swift */; };
/* End PBXBuildFile section */

/* Begin PBXFileReference section */
		B110BFE42BA206B6005F5680 /* Example-UIKit.app */ = {isa = PBXFileReference; explicitFileType = wrapper.application; includeInIndex = 0; path = "Example-UIKit.app"; sourceTree = BUILT_PRODUCTS_DIR; };
		B110BFE72BA206B6005F5680 /* AppDelegate.swift */ = {isa = PBXFileReference; lastKnownFileType = sourcecode.swift; path = AppDelegate.swift; sourceTree = "<group>"; };
		B110BFE92BA206B6005F5680 /* SceneDelegate.swift */ = {isa = PBXFileReference; lastKnownFileType = sourcecode.swift; path = SceneDelegate.swift; sourceTree = "<group>"; };
		B110BFEB2BA206B6005F5680 /* ViewController.swift */ = {isa = PBXFileReference; lastKnownFileType = sourcecode.swift; path = ViewController.swift; sourceTree = "<group>"; };
		B110BFEE2BA206B6005F5680 /* Base */ = {isa = PBXFileReference; lastKnownFileType = file.storyboard; name = Base; path = Base.lproj/Main.storyboard; sourceTree = "<group>"; };
		B110BFF02BA206B7005F5680 /* Assets.xcassets */ = {isa = PBXFileReference; lastKnownFileType = folder.assetcatalog; path = Assets.xcassets; sourceTree = "<group>"; };
		B110BFF32BA206B7005F5680 /* Base */ = {isa = PBXFileReference; lastKnownFileType = file.storyboard; name = Base; path = Base.lproj/LaunchScreen.storyboard; sourceTree = "<group>"; };
		B110BFF52BA206B7005F5680 /* Info.plist */ = {isa = PBXFileReference; lastKnownFileType = text.plist.xml; path = Info.plist; sourceTree = "<group>"; };
		B110BFFE2BA20DBB005F5680 /* Example-UIKit.entitlements */ = {isa = PBXFileReference; lastKnownFileType = text.plist.entitlements; path = "Example-UIKit.entitlements"; sourceTree = "<group>"; };
		B1A613442BA3855C00D20E06 /* DataForDemo.swift */ = {isa = PBXFileReference; lastKnownFileType = sourcecode.swift; path = DataForDemo.swift; sourceTree = "<group>"; };
/* End PBXFileReference section */

/* Begin PBXFrameworksBuildPhase section */
		B110BFE12BA206B6005F5680 /* Frameworks */ = {
			isa = PBXFrameworksBuildPhase;
			buildActionMask = 2147483647;
			files = (
				B110BFFD2BA20CAE005F5680 /* Polygon in Frameworks */,
			);
			runOnlyForDeploymentPostprocessing = 0;
		};
/* End PBXFrameworksBuildPhase section */

/* Begin PBXGroup section */
		B110BFDB2BA206B6005F5680 = {
			isa = PBXGroup;
			children = (
				B110BFE62BA206B6005F5680 /* Example-UIKit */,
				B110BFE52BA206B6005F5680 /* Products */,
			);
			sourceTree = "<group>";
		};
		B110BFE52BA206B6005F5680 /* Products */ = {
			isa = PBXGroup;
			children = (
				B110BFE42BA206B6005F5680 /* Example-UIKit.app */,
			);
			name = Products;
			sourceTree = "<group>";
		};
		B110BFE62BA206B6005F5680 /* Example-UIKit */ = {
			isa = PBXGroup;
			children = (
				B110BFFE2BA20DBB005F5680 /* Example-UIKit.entitlements */,
				B110BFE72BA206B6005F5680 /* AppDelegate.swift */,
				B110BFE92BA206B6005F5680 /* SceneDelegate.swift */,
				B110BFEB2BA206B6005F5680 /* ViewController.swift */,
				B1A613442BA3855C00D20E06 /* DataForDemo.swift */,
				B110BFED2BA206B6005F5680 /* Main.storyboard */,
				B110BFF02BA206B7005F5680 /* Assets.xcassets */,
				B110BFF22BA206B7005F5680 /* LaunchScreen.storyboard */,
				B110BFF52BA206B7005F5680 /* Info.plist */,
			);
			path = "Example-UIKit";
			sourceTree = "<group>";
		};
/* End PBXGroup section */

/* Begin PBXNativeTarget section */
		B110BFE32BA206B6005F5680 /* Example-UIKit */ = {
			isa = PBXNativeTarget;
			buildConfigurationList = B110BFF82BA206B7005F5680 /* Build configuration list for PBXNativeTarget "Example-UIKit" */;
			buildPhases = (
				B110BFE02BA206B6005F5680 /* Sources */,
				B110BFE12BA206B6005F5680 /* Frameworks */,
				B110BFE22BA206B6005F5680 /* Resources */,
			);
			buildRules = (
			);
			dependencies = (
			);
			name = "Example-UIKit";
			packageProductDependencies = (
				B110BFFC2BA20CAE005F5680 /* Polygon */,
			);
			productName = "Example-UIKit";
			productReference = B110BFE42BA206B6005F5680 /* Example-UIKit.app */;
			productType = "com.apple.product-type.application";
		};
/* End PBXNativeTarget section */

/* Begin PBXProject section */
		B110BFDC2BA206B6005F5680 /* Project object */ = {
			isa = PBXProject;
			attributes = {
				BuildIndependentTargetsInParallel = 1;
				LastSwiftUpdateCheck = 1520;
				LastUpgradeCheck = 1520;
				TargetAttributes = {
					B110BFE32BA206B6005F5680 = {
						CreatedOnToolsVersion = 15.2;
					};
				};
			};
			buildConfigurationList = B110BFDF2BA206B6005F5680 /* Build configuration list for PBXProject "Example-UIKit" */;
			compatibilityVersion = "Xcode 14.0";
			developmentRegion = en;
			hasScannedForEncodings = 0;
			knownRegions = (
				en,
				Base,
			);
			mainGroup = B110BFDB2BA206B6005F5680;
			packageReferences = (
				B110BFFB2BA20CAE005F5680 /* XCLocalSwiftPackageReference ".." */,
			);
			productRefGroup = B110BFE52BA206B6005F5680 /* Products */;
			projectDirPath = "";
			projectRoot = "";
			targets = (
				B110BFE32BA206B6005F5680 /* Example-UIKit */,
			);
		};
/* End PBXProject section */

/* Begin PBXResourcesBuildPhase section */
		B110BFE22BA206B6005F5680 /* Resources */ = {
			isa = PBXResourcesBuildPhase;
			buildActionMask = 2147483647;
			files = (
				B110BFF42BA206B7005F5680 /* LaunchScreen.storyboard in Resources */,
				B110BFF12BA206B7005F5680 /* Assets.xcassets in Resources */,
				B110BFEF2BA206B6005F5680 /* Main.storyboard in Resources */,
			);
			runOnlyForDeploymentPostprocessing = 0;
		};
/* End PBXResourcesBuildPhase section */

/* Begin PBXSourcesBuildPhase section */
		B110BFE02BA206B6005F5680 /* Sources */ = {
			isa = PBXSourcesBuildPhase;
			buildActionMask = 2147483647;
			files = (
				B1A613452BA3855C00D20E06 /* DataForDemo.swift in Sources */,
				B110BFEC2BA206B6005F5680 /* ViewController.swift in Sources */,
				B110BFE82BA206B6005F5680 /* AppDelegate.swift in Sources */,
				B110BFEA2BA206B6005F5680 /* SceneDelegate.swift in Sources */,
			);
			runOnlyForDeploymentPostprocessing = 0;
		};
/* End PBXSourcesBuildPhase section */

/* Begin PBXVariantGroup section */
		B110BFED2BA206B6005F5680 /* Main.storyboard */ = {
			isa = PBXVariantGroup;
			children = (
				B110BFEE2BA206B6005F5680 /* Base */,
			);
			name = Main.storyboard;
			sourceTree = "<group>";
		};
		B110BFF22BA206B7005F5680 /* LaunchScreen.storyboard */ = {
			isa = PBXVariantGroup;
			children = (
				B110BFF32BA206B7005F5680 /* Base */,
			);
			name = LaunchScreen.storyboard;
			sourceTree = "<group>";
		};
/* End PBXVariantGroup section */

/* Begin XCBuildConfiguration section */
		B110BFF62BA206B7005F5680 /* Debug */ = {
			isa = XCBuildConfiguration;
			buildSettings = {
				ALWAYS_SEARCH_USER_PATHS = NO;
				ASSETCATALOG_COMPILER_GENERATE_SWIFT_ASSET_SYMBOL_EXTENSIONS = YES;
				CLANG_ANALYZER_NONNULL = YES;
				CLANG_ANALYZER_NUMBER_OBJECT_CONVERSION = YES_AGGRESSIVE;
				CLANG_CXX_LANGUAGE_STANDARD = "gnu++20";
				CLANG_ENABLE_MODULES = YES;
				CLANG_ENABLE_OBJC_ARC = YES;
				CLANG_ENABLE_OBJC_WEAK = YES;
				CLANG_WARN_BLOCK_CAPTURE_AUTORELEASING = YES;
				CLANG_WARN_BOOL_CONVERSION = YES;
				CLANG_WARN_COMMA = YES;
				CLANG_WARN_CONSTANT_CONVERSION = YES;
				CLANG_WARN_DEPRECATED_OBJC_IMPLEMENTATIONS = YES;
				CLANG_WARN_DIRECT_OBJC_ISA_USAGE = YES_ERROR;
				CLANG_WARN_DOCUMENTATION_COMMENTS = YES;
				CLANG_WARN_EMPTY_BODY = YES;
				CLANG_WARN_ENUM_CONVERSION = YES;
				CLANG_WARN_INFINITE_RECURSION = YES;
				CLANG_WARN_INT_CONVERSION = YES;
				CLANG_WARN_NON_LITERAL_NULL_CONVERSION = YES;
				CLANG_WARN_OBJC_IMPLICIT_RETAIN_SELF = YES;
				CLANG_WARN_OBJC_LITERAL_CONVERSION = YES;
				CLANG_WARN_OBJC_ROOT_CLASS = YES_ERROR;
				CLANG_WARN_QUOTED_INCLUDE_IN_FRAMEWORK_HEADER = YES;
				CLANG_WARN_RANGE_LOOP_ANALYSIS = YES;
				CLANG_WARN_STRICT_PROTOTYPES = YES;
				CLANG_WARN_SUSPICIOUS_MOVE = YES;
				CLANG_WARN_UNGUARDED_AVAILABILITY = YES_AGGRESSIVE;
				CLANG_WARN_UNREACHABLE_CODE = YES;
				CLANG_WARN__DUPLICATE_METHOD_MATCH = YES;
				COPY_PHASE_STRIP = NO;
				DEBUG_INFORMATION_FORMAT = dwarf;
				ENABLE_STRICT_OBJC_MSGSEND = YES;
				ENABLE_TESTABILITY = YES;
				ENABLE_USER_SCRIPT_SANDBOXING = YES;
				GCC_C_LANGUAGE_STANDARD = gnu17;
				GCC_DYNAMIC_NO_PIC = NO;
				GCC_NO_COMMON_BLOCKS = YES;
				GCC_OPTIMIZATION_LEVEL = 0;
				GCC_PREPROCESSOR_DEFINITIONS = (
					"DEBUG=1",
					"$(inherited)",
				);
				GCC_WARN_64_TO_32_BIT_CONVERSION = YES;
				GCC_WARN_ABOUT_RETURN_TYPE = YES_ERROR;
				GCC_WARN_UNDECLARED_SELECTOR = YES;
				GCC_WARN_UNINITIALIZED_AUTOS = YES_AGGRESSIVE;
				GCC_WARN_UNUSED_FUNCTION = YES;
				GCC_WARN_UNUSED_VARIABLE = YES;
				IPHONEOS_DEPLOYMENT_TARGET = 15.0;
				LOCALIZATION_PREFERS_STRING_CATALOGS = YES;
				MTL_ENABLE_DEBUG_INFO = INCLUDE_SOURCE;
				MTL_FAST_MATH = YES;
				ONLY_ACTIVE_ARCH = YES;
				SDKROOT = iphoneos;
				SWIFT_ACTIVE_COMPILATION_CONDITIONS = "DEBUG $(inherited)";
				SWIFT_OPTIMIZATION_LEVEL = "-Onone";
			};
			name = Debug;
		};
		B110BFF72BA206B7005F5680 /* Release */ = {
			isa = XCBuildConfiguration;
			buildSettings = {
				ALWAYS_SEARCH_USER_PATHS = NO;
				ASSETCATALOG_COMPILER_GENERATE_SWIFT_ASSET_SYMBOL_EXTENSIONS = YES;
				CLANG_ANALYZER_NONNULL = YES;
				CLANG_ANALYZER_NUMBER_OBJECT_CONVERSION = YES_AGGRESSIVE;
				CLANG_CXX_LANGUAGE_STANDARD = "gnu++20";
				CLANG_ENABLE_MODULES = YES;
				CLANG_ENABLE_OBJC_ARC = YES;
				CLANG_ENABLE_OBJC_WEAK = YES;
				CLANG_WARN_BLOCK_CAPTURE_AUTORELEASING = YES;
				CLANG_WARN_BOOL_CONVERSION = YES;
				CLANG_WARN_COMMA = YES;
				CLANG_WARN_CONSTANT_CONVERSION = YES;
				CLANG_WARN_DEPRECATED_OBJC_IMPLEMENTATIONS = YES;
				CLANG_WARN_DIRECT_OBJC_ISA_USAGE = YES_ERROR;
				CLANG_WARN_DOCUMENTATION_COMMENTS = YES;
				CLANG_WARN_EMPTY_BODY = YES;
				CLANG_WARN_ENUM_CONVERSION = YES;
				CLANG_WARN_INFINITE_RECURSION = YES;
				CLANG_WARN_INT_CONVERSION = YES;
				CLANG_WARN_NON_LITERAL_NULL_CONVERSION = YES;
				CLANG_WARN_OBJC_IMPLICIT_RETAIN_SELF = YES;
				CLANG_WARN_OBJC_LITERAL_CONVERSION = YES;
				CLANG_WARN_OBJC_ROOT_CLASS = YES_ERROR;
				CLANG_WARN_QUOTED_INCLUDE_IN_FRAMEWORK_HEADER = YES;
				CLANG_WARN_RANGE_LOOP_ANALYSIS = YES;
				CLANG_WARN_STRICT_PROTOTYPES = YES;
				CLANG_WARN_SUSPICIOUS_MOVE = YES;
				CLANG_WARN_UNGUARDED_AVAILABILITY = YES_AGGRESSIVE;
				CLANG_WARN_UNREACHABLE_CODE = YES;
				CLANG_WARN__DUPLICATE_METHOD_MATCH = YES;
				COPY_PHASE_STRIP = NO;
				DEBUG_INFORMATION_FORMAT = "dwarf-with-dsym";
				ENABLE_NS_ASSERTIONS = NO;
				ENABLE_STRICT_OBJC_MSGSEND = YES;
				ENABLE_USER_SCRIPT_SANDBOXING = YES;
				GCC_C_LANGUAGE_STANDARD = gnu17;
				GCC_NO_COMMON_BLOCKS = YES;
				GCC_WARN_64_TO_32_BIT_CONVERSION = YES;
				GCC_WARN_ABOUT_RETURN_TYPE = YES_ERROR;
				GCC_WARN_UNDECLARED_SELECTOR = YES;
				GCC_WARN_UNINITIALIZED_AUTOS = YES_AGGRESSIVE;
				GCC_WARN_UNUSED_FUNCTION = YES;
				GCC_WARN_UNUSED_VARIABLE = YES;
				IPHONEOS_DEPLOYMENT_TARGET = 15.0;
				LOCALIZATION_PREFERS_STRING_CATALOGS = YES;
				MTL_ENABLE_DEBUG_INFO = NO;
				MTL_FAST_MATH = YES;
				SDKROOT = iphoneos;
				SWIFT_COMPILATION_MODE = wholemodule;
				VALIDATE_PRODUCT = YES;
			};
			name = Release;
		};
		B110BFF92BA206B7005F5680 /* Debug */ = {
			isa = XCBuildConfiguration;
			buildSettings = {
				ASSETCATALOG_COMPILER_APPICON_NAME = AppIcon;
				ASSETCATALOG_COMPILER_GLOBAL_ACCENT_COLOR_NAME = AccentColor;
				CODE_SIGN_ENTITLEMENTS = "Example-UIKit/Example-UIKit.entitlements";
				"CODE_SIGN_IDENTITY[sdk=macosx*]" = "-";
				CODE_SIGN_STYLE = Manual;
				CURRENT_PROJECT_VERSION = 1;
				DEVELOPMENT_TEAM = "";
				GENERATE_INFOPLIST_FILE = YES;
				INFOPLIST_FILE = "Example-UIKit/Info.plist";
				INFOPLIST_KEY_UIApplicationSupportsIndirectInputEvents = YES;
				INFOPLIST_KEY_UILaunchStoryboardName = LaunchScreen;
				INFOPLIST_KEY_UIMainStoryboardFile = Main;
				INFOPLIST_KEY_UISupportedInterfaceOrientations_iPad = "UIInterfaceOrientationPortrait UIInterfaceOrientationPortraitUpsideDown UIInterfaceOrientationLandscapeLeft UIInterfaceOrientationLandscapeRight";
				INFOPLIST_KEY_UISupportedInterfaceOrientations_iPhone = "UIInterfaceOrientationPortrait UIInterfaceOrientationLandscapeLeft UIInterfaceOrientationLandscapeRight";
				LD_RUNPATH_SEARCH_PATHS = (
					"$(inherited)",
					"@executable_path/Frameworks",
				);
				MARKETING_VERSION = 1.0;
				PRODUCT_BUNDLE_IDENTIFIER = "io.eclypse.Example-UIKit";
				PRODUCT_NAME = "$(TARGET_NAME)";
				PROVISIONING_PROFILE_SPECIFIER = "";
				SUPPORTED_PLATFORMS = "iphoneos iphonesimulator";
				SUPPORTS_MACCATALYST = YES;
				SUPPORTS_MAC_DESIGNED_FOR_IPHONE_IPAD = NO;
				SUPPORTS_XR_DESIGNED_FOR_IPHONE_IPAD = NO;
				SWIFT_EMIT_LOC_STRINGS = YES;
				SWIFT_VERSION = 5.0;
				TARGETED_DEVICE_FAMILY = "1,2,6";
			};
			name = Debug;
		};
		B110BFFA2BA206B7005F5680 /* Release */ = {
			isa = XCBuildConfiguration;
			buildSettings = {
				ASSETCATALOG_COMPILER_APPICON_NAME = AppIcon;
				ASSETCATALOG_COMPILER_GLOBAL_ACCENT_COLOR_NAME = AccentColor;
				CODE_SIGN_ENTITLEMENTS = "Example-UIKit/Example-UIKit.entitlements";
				"CODE_SIGN_IDENTITY[sdk=macosx*]" = "-";
				CODE_SIGN_STYLE = Manual;
				CURRENT_PROJECT_VERSION = 1;
				DEVELOPMENT_TEAM = "";
				GENERATE_INFOPLIST_FILE = YES;
				INFOPLIST_FILE = "Example-UIKit/Info.plist";
				INFOPLIST_KEY_UIApplicationSupportsIndirectInputEvents = YES;
				INFOPLIST_KEY_UILaunchStoryboardName = LaunchScreen;
				INFOPLIST_KEY_UIMainStoryboardFile = Main;
				INFOPLIST_KEY_UISupportedInterfaceOrientations_iPad = "UIInterfaceOrientationPortrait UIInterfaceOrientationPortraitUpsideDown UIInterfaceOrientationLandscapeLeft UIInterfaceOrientationLandscapeRight";
				INFOPLIST_KEY_UISupportedInterfaceOrientations_iPhone = "UIInterfaceOrientationPortrait UIInterfaceOrientationLandscapeLeft UIInterfaceOrientationLandscapeRight";
				LD_RUNPATH_SEARCH_PATHS = (
					"$(inherited)",
					"@executable_path/Frameworks",
				);
				MARKETING_VERSION = 1.0;
				PRODUCT_BUNDLE_IDENTIFIER = "io.eclypse.Example-UIKit";
				PRODUCT_NAME = "$(TARGET_NAME)";
				PROVISIONING_PROFILE_SPECIFIER = "";
				SUPPORTED_PLATFORMS = "iphoneos iphonesimulator";
				SUPPORTS_MACCATALYST = YES;
				SUPPORTS_MAC_DESIGNED_FOR_IPHONE_IPAD = NO;
				SUPPORTS_XR_DESIGNED_FOR_IPHONE_IPAD = NO;
				SWIFT_EMIT_LOC_STRINGS = YES;
				SWIFT_VERSION = 5.0;
				TARGETED_DEVICE_FAMILY = "1,2,6";
			};
			name = Release;
		};
/* End XCBuildConfiguration section */

/* Begin XCConfigurationList section */
		B110BFDF2BA206B6005F5680 /* Build configuration list for PBXProject "Example-UIKit" */ = {
			isa = XCConfigurationList;
			buildConfigurations = (
				B110BFF62BA206B7005F5680 /* Debug */,
				B110BFF72BA206B7005F5680 /* Release */,
			);
			defaultConfigurationIsVisible = 0;
			defaultConfigurationName = Release;
		};
		B110BFF82BA206B7005F5680 /* Build configuration list for PBXNativeTarget "Example-UIKit" */ = {
			isa = XCConfigurationList;
			buildConfigurations = (
				B110BFF92BA206B7005F5680 /* Debug */,
				B110BFFA2BA206B7005F5680 /* Release */,
			);
			defaultConfigurationIsVisible = 0;
			defaultConfigurationName = Release;
		};
/* End XCConfigurationList section */

/* Begin XCLocalSwiftPackageReference section */
		B110BFFB2BA20CAE005F5680 /* XCLocalSwiftPackageReference ".." */ = {
			isa = XCLocalSwiftPackageReference;
			relativePath = ..;
		};
/* End XCLocalSwiftPackageReference section */

/* Begin XCSwiftPackageProductDependency section */
		B110BFFC2BA20CAE005F5680 /* Polygon */ = {
			isa = XCSwiftPackageProductDependency;
			productName = Polygon;
		};
/* End XCSwiftPackageProductDependency section */
	};
	rootObject = B110BFDC2BA206B6005F5680 /* Project object */;
}
